# This file was autogenerated by Stack.
# You should not edit this file by hand.
# For more information, please see the documentation at:
#   https://docs.haskellstack.org/en/stable/lock_files

packages:
- completed:
    hackage: proteaaudio-0.7.0.1@sha256:20836a7b1cf62199e72398aaf5427b31d468dbd02d91bbee19bfdb3a435299e2,2593
    pantry-tree:
      size: 1877
      sha256: 3b51baf1a753fea5ec3647a55f2f69abb96c618afe09bb7ca5d484130c462040
  original:
    hackage: proteaaudio-0.7.0.1
- completed:
    hackage: vect-0.4.7@sha256:218bb44622096d1e72772507fac4e073887fa6483f7b64d068d14ed2300ca377,3208
    pantry-tree:
      size: 2206
      sha256: 7b35a2433d7b8d88fa56c58fee97f0820f2f2526b7156194612c5566b7528713
  original:
    hackage: vect-0.4.7
- completed:
    hackage: wavefront-0.7.1.1@sha256:adbca56bab0162f58dd297bc85c13bb675255e15a74992cc5a8344e1072d241c,1999
    pantry-tree:
      size: 1026
      sha256: 5bc5b151965a8b03772035862669529337cc5c89c3a284325b1c4f00f069bbf5
  original:
    hackage: wavefront-0.7.1.1
- completed:
    hackage: megaparsec-6.5.0@sha256:510b5471f31e965a06f91d110456f24ad7e191e0778f4fc8ec053dcb182abcbf,6125
    pantry-tree:
      size: 2533
      sha256: f6a429fc9c666b82eba5b2e60b5d7d35ea44a5116705c239fb79956339f3c150
  original:
    hackage: megaparsec-6.5.0
- completed:
    size: 160005
    subdir: lambdacube-ir.haskell
    url: https://github.com/lambdacube3d/lambdacube-ir/archive/8a0a17abedc9d6b46b41d744c1a2be53efa6336b.tar.gz
    cabal-file:
      size: 1090
      sha256: 56e0b3b3225df0aa0cde85393281140d77aedc663a9b14bebdec4a0585856a83
    name: lambdacube-ir
    version: 0.3.1.1
    sha256: 2ded6e68072b7ba11ae51ad9ca966ce1ab3546e198dbea9e5cfc8edb15184ac5
    pantry-tree:
      size: 532
      sha256: e0e3e6fe5463bf57b69821df895dd5790d10e187340a959c5959be11a3cb23fd
  original:
    subdir: lambdacube-ir.haskell
    url: https://github.com/lambdacube3d/lambdacube-ir/archive/8a0a17abedc9d6b46b41d744c1a2be53efa6336b.tar.gz
- completed:
    size: 167664
    url: https://github.com/lambdacube3d/lambdacube-gl/archive/297828bdcf105c5942ed0e43d9f28130f543f34c.tar.gz
    cabal-file:
      size: 3796
      sha256: d5f31d5fdacf11b0f03b0570eed3d330caec01d4312d6a247fab859eff5cc6c0
    name: lambdacube-gl
    version: 0.5.3.0
    sha256: 63edd5e3f4b27525a2cbe6f171bb511cbe1ba1f58f222f6ecdb034ec4f9fd982
    pantry-tree:
      size: 1617
      sha256: de35f7e2e061587d456f7dc1e47049b91da6e0a2bfd62996e6bac783953c16a7
  original:
    url: https://github.com/lambdacube3d/lambdacube-gl/archive/297828bdcf105c5942ed0e43d9f28130f543f34c.tar.gz
- completed:
    size: 680104
    url: https://github.com/lambdacube3d/lambdacube-compiler/archive/dc10dc255638b86f4a20a29a1b492e2415640b60.tar.gz
    cabal-file:
      size: 8081
      sha256: b10404e6bd08165e35d6b17438e6ed26d25ee2055b47b798655c6dea2fca977e
    name: lambdacube-compiler
    version: 0.6.1.0
    sha256: 7ded16f4066595c68de5ba658fb8b150de96153e371ad29e441acb854664f412
    pantry-tree:
      size: 121161
      sha256: 4931047d8767fc64b524f4b1f9670b8dc16200e7641d1c0b56f00b27e370f4ff
  original:
    url: https://github.com/lambdacube3d/lambdacube-compiler/archive/dc10dc255638b86f4a20a29a1b492e2415640b60.tar.gz
snapshots:
- completed:
    size: 524162
    url: https://raw.githubusercontent.com/commercialhaskell/stackage-snapshots/master/lts/14/21.yaml
    sha256: 9a55dd75853718f2bbbe951872b36a3b7802fcd71796e0f25b8664f24e34c666
  original: lts-14.21
